{
  "pins" : [
    {
      "identity" : "firework_ios_sdk",
      "kind" : "remoteSourceControl",
      "location" : "https://github.com/loopsocial/firework_ios_sdk.git",
      "state" : {
        "revision" : "d240a7e4f5aee4a2ee3d70d30e5eeadffcfb49df",
        "version" : "1.0.1"
      }
    }
  ],
  "version" : 2
}
