{
  "pins" : [
    {
      "identity" : "firework_ios_sdk",
      "kind" : "remoteSourceControl",
      "location" : "https://github.com/loopsocial/firework_ios_sdk.git",
      "state" : {
        "revision" : "2a740aa18dc15ed1ddc45888ff683371d32dd0d3",
        "version" : "1.8.0"
      }
    }
  ],
  "version" : 2
}
