{
  "object": {
    "pins": [
      {
        "package": "FireworkVideo",
        "repositoryURL": "https://github.com/loopsocial/firework_ios_sdk.git",
        "state": {
          "branch": null,
          "revision": "9899acad99b0cd35b1eea0a938fecf2f021fbf0a",
          "version": "1.24.2"
        }
      }
    ]
  },
  "version": 1
}
