{
  "object": {
    "pins": [
      {
        "package": "FireworkVideo",
        "repositoryURL": "https://github.com/loopsocial/firework_ios_sdk.git",
        "state": {
          "branch": null,
          "revision": "261beff6af55d30c0c51c0fdf4a48de2093cf854",
          "version": "1.27.0"
        }
      }
    ]
  },
  "version": 1
}
