{
  "pins" : [
    {
      "identity" : "firework_ios_sdk",
      "kind" : "remoteSourceControl",
      "location" : "https://github.com/loopsocial/firework_ios_sdk.git",
      "state" : {
        "revision" : "bdcd93d20dfbba41e69fe19afb5b37e90f07581e",
        "version" : "1.24.0"
      }
    }
  ],
  "version" : 2
}
