{
  "object": {
    "pins": [
      {
        "package": "FireworkVideo",
        "repositoryURL": "https://github.com/loopsocial/firework_ios_sdk.git",
        "state": {
          "branch": null,
          "revision": "a25b9f4549a26d07508f1e0ca48f1721da6fb727",
          "version": "1.29.1-beta.1"
        }
      }
    ]
  },
  "version": 1
}
